
Microsoft Visual Studio Solution File, Format Version 12.00
# Visual Studio Version 17
VisualStudioVersion = 17.9.34714.143
MinimumVisualStudioVersion = 10.0.40219.1
Project("{9A19103F-16F7-4668-BE54-9A1E7A4F7556}") = "URLShortener.API", "URLShortener.API\URLShortener.API.csproj", "{9A47DF2F-B5D0-4C70-AF35-005625EF5AA5}"
EndProject
Project("{9A19103F-16F7-4668-BE54-9A1E7A4F7556}") = "URLShortener.Application", "URLShortener.Application\URLShortener.Application.csproj", "{DFF690F4-E5F9-4048-B963-1F4215CB41D2}"
EndProject
Project("{9A19103F-16F7-4668-BE54-9A1E7A4F7556}") = "URLShortener.Domain", "URLShortener.Domain\URLShortener.Domain.csproj", "{0425B0D4-29C0-4EF4-8BA1-BB7E79FAB069}"
EndProject
Project("{9A19103F-16F7-4668-BE54-9A1E7A4F7556}") = "URLShortener.Infrastructure", "URLShortener.Infrastructure\URLShortener.Infrastructure.csproj", "{9A4486BA-601D-45E6-8689-3C33A4105DBE}"
EndProject
Project("{9A19103F-16F7-4668-BE54-9A1E7A4F7556}") = "URLShortener.Resources", "URLShortener.Resources\URLShortener.Resources.csproj", "{5C8FA9B3-810B-472C-BB33-83B20C421EC6}"
EndProject
Project("{E53339B2-1760-4266-BCC7-CA923CBCF16C}") = "docker-compose", "docker-compose.dcproj", "{0F23C7AB-B814-4974-A6FB-6CCF27873B21}"
EndProject
Project("{2150E333-8FDC-42A3-9474-1A3956D46DE8}") = "src", "src", "{93B44716-7661-40B5-A7EF-02A1D48B27D5}"
EndProject
Project("{2150E333-8FDC-42A3-9474-1A3956D46DE8}") = "tests", "tests", "{76307F22-0BEB-470C-AE6F-0EA6DDE06A24}"
EndProject
Project("{9A19103F-16F7-4668-BE54-9A1E7A4F7556}") = "URLShortener.UnitTests", "URLShortener.UnitTests\URLShortener.UnitTests.csproj", "{2E4FF976-6B47-4201-8DF8-92CDA07F22C4}"
EndProject
Project("{9A19103F-16F7-4668-BE54-9A1E7A4F7556}") = "URLShortener.IntegrationTests", "URLShortener.IntegrationTests\URLShortener.IntegrationTests.csproj", "{A1F89A07-6321-4EF9-A36A-12331A14F001}"
EndProject
Project("{9A19103F-16F7-4668-BE54-9A1E7A4F7556}") = "URLShortener.FunctionalTests", "URLShortener.FunctionalTests\URLShortener.FunctionalTests.csproj", "{FE10C014-876C-43CD-ADAD-E40B23C7B1B2}"
EndProject
Global
	GlobalSection(SolutionConfigurationPlatforms) = preSolution
		Debug|Any CPU = Debug|Any CPU
		Release|Any CPU = Release|Any CPU
	EndGlobalSection
	GlobalSection(ProjectConfigurationPlatforms) = postSolution
		{9A47DF2F-B5D0-4C70-AF35-005625EF5AA5}.Debug|Any CPU.ActiveCfg = Debug|Any CPU
		{9A47DF2F-B5D0-4C70-AF35-005625EF5AA5}.Debug|Any CPU.Build.0 = Debug|Any CPU
		{9A47DF2F-B5D0-4C70-AF35-005625EF5AA5}.Release|Any CPU.ActiveCfg = Release|Any CPU
		{9A47DF2F-B5D0-4C70-AF35-005625EF5AA5}.Release|Any CPU.Build.0 = Release|Any CPU
		{DFF690F4-E5F9-4048-B963-1F4215CB41D2}.Debug|Any CPU.ActiveCfg = Debug|Any CPU
		{DFF690F4-E5F9-4048-B963-1F4215CB41D2}.Debug|Any CPU.Build.0 = Debug|Any CPU
		{DFF690F4-E5F9-4048-B963-1F4215CB41D2}.Release|Any CPU.ActiveCfg = Release|Any CPU
		{DFF690F4-E5F9-4048-B963-1F4215CB41D2}.Release|Any CPU.Build.0 = Release|Any CPU
		{0425B0D4-29C0-4EF4-8BA1-BB7E79FAB069}.Debug|Any CPU.ActiveCfg = Debug|Any CPU
		{0425B0D4-29C0-4EF4-8BA1-BB7E79FAB069}.Debug|Any CPU.Build.0 = Debug|Any CPU
		{0425B0D4-29C0-4EF4-8BA1-BB7E79FAB069}.Release|Any CPU.ActiveCfg = Release|Any CPU
		{0425B0D4-29C0-4EF4-8BA1-BB7E79FAB069}.Release|Any CPU.Build.0 = Release|Any CPU
		{9A4486BA-601D-45E6-8689-3C33A4105DBE}.Debug|Any CPU.ActiveCfg = Debug|Any CPU
		{9A4486BA-601D-45E6-8689-3C33A4105DBE}.Debug|Any CPU.Build.0 = Debug|Any CPU
		{9A4486BA-601D-45E6-8689-3C33A4105DBE}.Release|Any CPU.ActiveCfg = Release|Any CPU
		{9A4486BA-601D-45E6-8689-3C33A4105DBE}.Release|Any CPU.Build.0 = Release|Any CPU
		{5C8FA9B3-810B-472C-BB33-83B20C421EC6}.Debug|Any CPU.ActiveCfg = Debug|Any CPU
		{5C8FA9B3-810B-472C-BB33-83B20C421EC6}.Debug|Any CPU.Build.0 = Debug|Any CPU
		{5C8FA9B3-810B-472C-BB33-83B20C421EC6}.Release|Any CPU.ActiveCfg = Release|Any CPU
		{5C8FA9B3-810B-472C-BB33-83B20C421EC6}.Release|Any CPU.Build.0 = Release|Any CPU
		{0F23C7AB-B814-4974-A6FB-6CCF27873B21}.Debug|Any CPU.ActiveCfg = Debug|Any CPU
		{0F23C7AB-B814-4974-A6FB-6CCF27873B21}.Debug|Any CPU.Build.0 = Debug|Any CPU
		{0F23C7AB-B814-4974-A6FB-6CCF27873B21}.Release|Any CPU.ActiveCfg = Release|Any CPU
		{0F23C7AB-B814-4974-A6FB-6CCF27873B21}.Release|Any CPU.Build.0 = Release|Any CPU
		{2E4FF976-6B47-4201-8DF8-92CDA07F22C4}.Debug|Any CPU.ActiveCfg = Debug|Any CPU
		{2E4FF976-6B47-4201-8DF8-92CDA07F22C4}.Debug|Any CPU.Build.0 = Debug|Any CPU
		{2E4FF976-6B47-4201-8DF8-92CDA07F22C4}.Release|Any CPU.ActiveCfg = Release|Any CPU
		{2E4FF976-6B47-4201-8DF8-92CDA07F22C4}.Release|Any CPU.Build.0 = Release|Any CPU
		{A1F89A07-6321-4EF9-A36A-12331A14F001}.Debug|Any CPU.ActiveCfg = Debug|Any CPU
		{A1F89A07-6321-4EF9-A36A-12331A14F001}.Debug|Any CPU.Build.0 = Debug|Any CPU
		{A1F89A07-6321-4EF9-A36A-12331A14F001}.Release|Any CPU.ActiveCfg = Release|Any CPU
		{A1F89A07-6321-4EF9-A36A-12331A14F001}.Release|Any CPU.Build.0 = Release|Any CPU
		{FE10C014-876C-43CD-ADAD-E40B23C7B1B2}.Debug|Any CPU.ActiveCfg = Debug|Any CPU
		{FE10C014-876C-43CD-ADAD-E40B23C7B1B2}.Debug|Any CPU.Build.0 = Debug|Any CPU
		{FE10C014-876C-43CD-ADAD-E40B23C7B1B2}.Release|Any CPU.ActiveCfg = Release|Any CPU
		{FE10C014-876C-43CD-ADAD-E40B23C7B1B2}.Release|Any CPU.Build.0 = Release|Any CPU
	EndGlobalSection
	GlobalSection(SolutionProperties) = preSolution
		HideSolutionNode = FALSE
	EndGlobalSection
	GlobalSection(NestedProjects) = preSolution
		{9A47DF2F-B5D0-4C70-AF35-005625EF5AA5} = {93B44716-7661-40B5-A7EF-02A1D48B27D5}
		{DFF690F4-E5F9-4048-B963-1F4215CB41D2} = {93B44716-7661-40B5-A7EF-02A1D48B27D5}
		{0425B0D4-29C0-4EF4-8BA1-BB7E79FAB069} = {93B44716-7661-40B5-A7EF-02A1D48B27D5}
		{9A4486BA-601D-45E6-8689-3C33A4105DBE} = {93B44716-7661-40B5-A7EF-02A1D48B27D5}
		{5C8FA9B3-810B-472C-BB33-83B20C421EC6} = {93B44716-7661-40B5-A7EF-02A1D48B27D5}
		{2E4FF976-6B47-4201-8DF8-92CDA07F22C4} = {76307F22-0BEB-470C-AE6F-0EA6DDE06A24}
		{A1F89A07-6321-4EF9-A36A-12331A14F001} = {76307F22-0BEB-470C-AE6F-0EA6DDE06A24}
		{FE10C014-876C-43CD-ADAD-E40B23C7B1B2} = {76307F22-0BEB-470C-AE6F-0EA6DDE06A24}
	EndGlobalSection
	GlobalSection(ExtensibilityGlobals) = postSolution
		SolutionGuid = {2818BBC9-BC2E-435A-8770-9DFF9581FE50}
	EndGlobalSection
EndGlobal
